// !$*UTF8*$!
{
	archiveVersion = 1;
	classes = {
	};
	objectVersion = 46;
	objects = {

/* Begin PBXBuildFile section */
		DB9CC8D41BC3042500B44EE4 /* AppDelegate.swift in Sources */ = {isa = PBXBuildFile; fileRef = DB9CC8D31BC3042500B44EE4 /* AppDelegate.swift */; };
		DB9CC8D61BC3042500B44EE4 /* GameScene.sks in Resources */ = {isa = PBXBuildFile; fileRef = DB9CC8D51BC3042500B44EE4 /* GameScene.sks */; };
		DB9CC8D81BC3042500B44EE4 /* GameScene.swift in Sources */ = {isa = PBXBuildFile; fileRef = DB9CC8D71BC3042500B44EE4 /* GameScene.swift */; };
		DB9CC8DA1BC3042500B44EE4 /* GameViewController.swift in Sources */ = {isa = PBXBuildFile; fileRef = DB9CC8D91BC3042500B44EE4 /* GameViewController.swift */; };
		DB9CC8DD1BC3042500B44EE4 /* Main.storyboard in Resources */ = {isa = PBXBuildFile; fileRef = DB9CC8DB1BC3042500B44EE4 /* Main.storyboard */; };
		DB9CC8DF1BC3042500B44EE4 /* Assets.xcassets in Resources */ = {isa = PBXBuildFile; fileRef = DB9CC8DE1BC3042500B44EE4 /* Assets.xcassets */; };
		DB9CC8E21BC3042500B44EE4 /* LaunchScreen.storyboard in Resources */ = {isa = PBXBuildFile; fileRef = DB9CC8E01BC3042500B44EE4 /* LaunchScreen.storyboard */; };
		DB9CC8ED1BC3042500B44EE4 /* SpriteKitPongTests.swift in Sources */ = {isa = PBXBuildFile; fileRef = DB9CC8EC1BC3042500B44EE4 /* SpriteKitPongTests.swift */; };
		DB9CC8F81BC3042500B44EE4 /* SpriteKitPongUITests.swift in Sources */ = {isa = PBXBuildFile; fileRef = DB9CC8F71BC3042500B44EE4 /* SpriteKitPongUITests.swift */; };
/* End PBXBuildFile section */

/* Begin PBXContainerItemProxy section */
		DB9CC8E91BC3042500B44EE4 /* PBXContainerItemProxy */ = {
			isa = PBXContainerItemProxy;
			containerPortal = DB9CC8C81BC3042500B44EE4 /* Project object */;
			proxyType = 1;
			remoteGlobalIDString = DB9CC8CF1BC3042500B44EE4;
			remoteInfo = SpriteKitPong;
		};
		DB9CC8F41BC3042500B44EE4 /* PBXContainerItemProxy */ = {
			isa = PBXContainerItemProxy;
			containerPortal = DB9CC8C81BC3042500B44EE4 /* Project object */;
			proxyType = 1;
			remoteGlobalIDString = DB9CC8CF1BC3042500B44EE4;
			remoteInfo = SpriteKitPong;
		};
/* End PBXContainerItemProxy section */

/* Begin PBXFileReference section */
		DB9CC8D01BC3042500B44EE4 /* SpriteKitPong.app */ = {isa = PBXFileReference; explicitFileType = wrapper.application; includeInIndex = 0; path = SpriteKitPong.app; sourceTree = BUILT_PRODUCTS_DIR; };
		DB9CC8D31BC3042500B44EE4 /* AppDelegate.swift */ = {isa = PBXFileReference; lastKnownFileType = sourcecode.swift; path = AppDelegate.swift; sourceTree = "<group>"; };
		DB9CC8D51BC3042500B44EE4 /* GameScene.sks */ = {isa = PBXFileReference; lastKnownFileType = file.sks; path = GameScene.sks; sourceTree = "<group>"; };
		DB9CC8D71BC3042500B44EE4 /* GameScene.swift */ = {isa = PBXFileReference; lastKnownFileType = sourcecode.swift; path = GameScene.swift; sourceTree = "<group>"; };
		DB9CC8D91BC3042500B44EE4 /* GameViewController.swift */ = {isa = PBXFileReference; lastKnownFileType = sourcecode.swift; path = GameViewController.swift; sourceTree = "<group>"; };
		DB9CC8DC1BC3042500B44EE4 /* Base */ = {isa = PBXFileReference; lastKnownFileType = file.storyboard; name = Base; path = Base.lproj/Main.storyboard; sourceTree = "<group>"; };
		DB9CC8DE1BC3042500B44EE4 /* Assets.xcassets */ = {isa = PBXFileReference; lastKnownFileType = folder.assetcatalog; path = Assets.xcassets; sourceTree = "<group>"; };
		DB9CC8E11BC3042500B44EE4 /* Base */ = {isa = PBXFileReference; lastKnownFileType = file.storyboard; name = Base; path = Base.lproj/LaunchScreen.storyboard; sourceTree = "<group>"; };
		DB9CC8E31BC3042500B44EE4 /* Info.plist */ = {isa = PBXFileReference; lastKnownFileType = text.plist.xml; path = Info.plist; sourceTree = "<group>"; };
		DB9CC8E81BC3042500B44EE4 /* SpriteKitPongTests.xctest */ = {isa = PBXFileReference; explicitFileType = wrapper.cfbundle; includeInIndex = 0; path = SpriteKitPongTests.xctest; sourceTree = BUILT_PRODUCTS_DIR; };
		DB9CC8EC1BC3042500B44EE4 /* SpriteKitPongTests.swift */ = {isa = PBXFileReference; lastKnownFileType = sourcecode.swift; path = SpriteKitPongTests.swift; sourceTree = "<group>"; };
		DB9CC8EE1BC3042500B44EE4 /* Info.plist */ = {isa = PBXFileReference; lastKnownFileType = text.plist.xml; path = Info.plist; sourceTree = "<group>"; };
		DB9CC8F31BC3042500B44EE4 /* SpriteKitPongUITests.xctest */ = {isa = PBXFileReference; explicitFileType = wrapper.cfbundle; includeInIndex = 0; path = SpriteKitPongUITests.xctest; sourceTree = BUILT_PRODUCTS_DIR; };
		DB9CC8F71BC3042500B44EE4 /* SpriteKitPongUITests.swift */ = {isa = PBXFileReference; lastKnownFileType = sourcecode.swift; path = SpriteKitPongUITests.swift; sourceTree = "<group>"; };
		DB9CC8F91BC3042500B44EE4 /* Info.plist */ = {isa = PBXFileReference; lastKnownFileType = text.plist.xml; path = Info.plist; sourceTree = "<group>"; };
/* End PBXFileReference section */

/* Begin PBXFrameworksBuildPhase section */
		DB9CC8CD1BC3042500B44EE4 /* Frameworks */ = {
			isa = PBXFrameworksBuildPhase;
			buildActionMask = 2147483647;
			files = (
			);
			runOnlyForDeploymentPostprocessing = 0;
		};
		DB9CC8E51BC3042500B44EE4 /* Frameworks */ = {
			isa = PBXFrameworksBuildPhase;
			buildActionMask = 2147483647;
			files = (
			);
			runOnlyForDeploymentPostprocessing = 0;
		};
		DB9CC8F01BC3042500B44EE4 /* Frameworks */ = {
			isa = PBXFrameworksBuildPhase;
			buildActionMask = 2147483647;
			files = (
			);
			runOnlyForDeploymentPostprocessing = 0;
		};
/* End PBXFrameworksBuildPhase section */

/* Begin PBXGroup section */
		DB9CC8C71BC3042500B44EE4 = {
			isa = PBXGroup;
			children = (
				DB9CC8D21BC3042500B44EE4 /* SpriteKitPong */,
				DB9CC8EB1BC3042500B44EE4 /* SpriteKitPongTests */,
				DB9CC8F61BC3042500B44EE4 /* SpriteKitPongUITests */,
				DB9CC8D11BC3042500B44EE4 /* Products */,
			);
			sourceTree = "<group>";
		};
		DB9CC8D11BC3042500B44EE4 /* Products */ = {
			isa = PBXGroup;
			children = (
				DB9CC8D01BC3042500B44EE4 /* SpriteKitPong.app */,
				DB9CC8E81BC3042500B44EE4 /* SpriteKitPongTests.xctest */,
				DB9CC8F31BC3042500B44EE4 /* SpriteKitPongUITests.xctest */,
			);
			name = Products;
			sourceTree = "<group>";
		};
		DB9CC8D21BC3042500B44EE4 /* SpriteKitPong */ = {
			isa = PBXGroup;
			children = (
				DB9CC8D31BC3042500B44EE4 /* AppDelegate.swift */,
				DB9CC8D51BC3042500B44EE4 /* GameScene.sks */,
				DB9CC8D71BC3042500B44EE4 /* GameScene.swift */,
				DB9CC8D91BC3042500B44EE4 /* GameViewController.swift */,
				DB9CC8DB1BC3042500B44EE4 /* Main.storyboard */,
				DB9CC8DE1BC3042500B44EE4 /* Assets.xcassets */,
				DB9CC8E01BC3042500B44EE4 /* LaunchScreen.storyboard */,
				DB9CC8E31BC3042500B44EE4 /* Info.plist */,
			);
			path = SpriteKitPong;
			sourceTree = "<group>";
		};
		DB9CC8EB1BC3042500B44EE4 /* SpriteKitPongTests */ = {
			isa = PBXGroup;
			children = (
				DB9CC8EC1BC3042500B44EE4 /* SpriteKitPongTests.swift */,
				DB9CC8EE1BC3042500B44EE4 /* Info.plist */,
			);
			path = SpriteKitPongTests;
			sourceTree = "<group>";
		};
		DB9CC8F61BC3042500B44EE4 /* SpriteKitPongUITests */ = {
			isa = PBXGroup;
			children = (
				DB9CC8F71BC3042500B44EE4 /* SpriteKitPongUITests.swift */,
				DB9CC8F91BC3042500B44EE4 /* Info.plist */,
			);
			path = SpriteKitPongUITests;
			sourceTree = "<group>";
		};
/* End PBXGroup section */

/* Begin PBXNativeTarget section */
		DB9CC8CF1BC3042500B44EE4 /* SpriteKitPong */ = {
			isa = PBXNativeTarget;
			buildConfigurationList = DB9CC8FC1BC3042500B44EE4 /* Build configuration list for PBXNativeTarget "SpriteKitPong" */;
			buildPhases = (
				DB9CC8CC1BC3042500B44EE4 /* Sources */,
				DB9CC8CD1BC3042500B44EE4 /* Frameworks */,
				DB9CC8CE1BC3042500B44EE4 /* Resources */,
			);
			buildRules = (
			);
			dependencies = (
			);
			name = SpriteKitPong;
			productName = SpriteKitPong;
			productReference = DB9CC8D01BC3042500B44EE4 /* SpriteKitPong.app */;
			productType = "com.apple.product-type.application";
		};
		DB9CC8E71BC3042500B44EE4 /* SpriteKitPongTests */ = {
			isa = PBXNativeTarget;
			buildConfigurationList = DB9CC8FF1BC3042500B44EE4 /* Build configuration list for PBXNativeTarget "SpriteKitPongTests" */;
			buildPhases = (
				DB9CC8E41BC3042500B44EE4 /* Sources */,
				DB9CC8E51BC3042500B44EE4 /* Frameworks */,
				DB9CC8E61BC3042500B44EE4 /* Resources */,
			);
			buildRules = (
			);
			dependencies = (
				DB9CC8EA1BC3042500B44EE4 /* PBXTargetDependency */,
			);
			name = SpriteKitPongTests;
			productName = SpriteKitPongTests;
			productReference = DB9CC8E81BC3042500B44EE4 /* SpriteKitPongTests.xctest */;
			productType = "com.apple.product-type.bundle.unit-test";
		};
		DB9CC8F21BC3042500B44EE4 /* SpriteKitPongUITests */ = {
			isa = PBXNativeTarget;
			buildConfigurationList = DB9CC9021BC3042500B44EE4 /* Build configuration list for PBXNativeTarget "SpriteKitPongUITests" */;
			buildPhases = (
				DB9CC8EF1BC3042500B44EE4 /* Sources */,
				DB9CC8F01BC3042500B44EE4 /* Frameworks */,
				DB9CC8F11BC3042500B44EE4 /* Resources */,
			);
			buildRules = (
			);
			dependencies = (
				DB9CC8F51BC3042500B44EE4 /* PBXTargetDependency */,
			);
			name = SpriteKitPongUITests;
			productName = SpriteKitPongUITests;
			productReference = DB9CC8F31BC3042500B44EE4 /* SpriteKitPongUITests.xctest */;
			productType = "com.apple.product-type.bundle.ui-testing";
		};
/* End PBXNativeTarget section */

/* Begin PBXProject section */
		DB9CC8C81BC3042500B44EE4 /* Project object */ = {
			isa = PBXProject;
			attributes = {
				LastUpgradeCheck = 0920;
				ORGANIZATIONNAME = frsoares;
				TargetAttributes = {
					DB9CC8CF1BC3042500B44EE4 = {
						CreatedOnToolsVersion = 7.0.1;
					};
					DB9CC8E71BC3042500B44EE4 = {
						CreatedOnToolsVersion = 7.0.1;
						TestTargetID = DB9CC8CF1BC3042500B44EE4;
					};
					DB9CC8F21BC3042500B44EE4 = {
						CreatedOnToolsVersion = 7.0.1;
						TestTargetID = DB9CC8CF1BC3042500B44EE4;
					};
				};
			};
			buildConfigurationList = DB9CC8CB1BC3042500B44EE4 /* Build configuration list for PBXProject "SpriteKitPong" */;
			compatibilityVersion = "Xcode 3.2";
			developmentRegion = English;
			hasScannedForEncodings = 0;
			knownRegions = (
				en,
				Base,
			);
			mainGroup = DB9CC8C71BC3042500B44EE4;
			productRefGroup = DB9CC8D11BC3042500B44EE4 /* Products */;
			projectDirPath = "";
			projectRoot = "";
			targets = (
				DB9CC8CF1BC3042500B44EE4 /* SpriteKitPong */,
				DB9CC8E71BC3042500B44EE4 /* SpriteKitPongTests */,
				DB9CC8F21BC3042500B44EE4 /* SpriteKitPongUITests */,
			);
		};
/* End PBXProject section */

/* Begin PBXResourcesBuildPhase section */
		DB9CC8CE1BC3042500B44EE4 /* Resources */ = {
			isa = PBXResourcesBuildPhase;
			buildActionMask = 2147483647;
			files = (
				DB9CC8D61BC3042500B44EE4 /* GameScene.sks in Resources */,
				DB9CC8E21BC3042500B44EE4 /* LaunchScreen.storyboard in Resources */,
				DB9CC8DF1BC3042500B44EE4 /* Assets.xcassets in Resources */,
				DB9CC8DD1BC3042500B44EE4 /* Main.storyboard in Resources */,
			);
			runOnlyForDeploymentPostprocessing = 0;
		};
		DB9CC8E61BC3042500B44EE4 /* Resources */ = {
			isa = PBXResourcesBuildPhase;
			buildActionMask = 2147483647;
			files = (
			);
			runOnlyForDeploymentPostprocessing = 0;
		};
		DB9CC8F11BC3042500B44EE4 /* Resources */ = {
			isa = PBXResourcesBuildPhase;
			buildActionMask = 2147483647;
			files = (
			);
			runOnlyForDeploymentPostprocessing = 0;
		};
/* End PBXResourcesBuildPhase section */

/* Begin PBXSourcesBuildPhase section */
		DB9CC8CC1BC3042500B44EE4 /* Sources */ = {
			isa = PBXSourcesBuildPhase;
			buildActionMask = 2147483647;
			files = (
				DB9CC8D81BC3042500B44EE4 /* GameScene.swift in Sources */,
				DB9CC8DA1BC3042500B44EE4 /* GameViewController.swift in Sources */,
				DB9CC8D41BC3042500B44EE4 /* AppDelegate.swift in Sources */,
			);
			runOnlyForDeploymentPostprocessing = 0;
		};
		DB9CC8E41BC3042500B44EE4 /* Sources */ = {
			isa = PBXSourcesBuildPhase;
			buildActionMask = 2147483647;
			files = (
				DB9CC8ED1BC3042500B44EE4 /* SpriteKitPongTests.swift in Sources */,
			);
			runOnlyForDeploymentPostprocessing = 0;
		};
		DB9CC8EF1BC3042500B44EE4 /* Sources */ = {
			isa = PBXSourcesBuildPhase;
			buildActionMask = 2147483647;
			files = (
				DB9CC8F81BC3042500B44EE4 /* SpriteKitPongUITests.swift in Sources */,
			);
			runOnlyForDeploymentPostprocessing = 0;
		};
/* End PBXSourcesBuildPhase section */

/* Begin PBXTargetDependency section */
		DB9CC8EA1BC3042500B44EE4 /* PBXTargetDependency */ = {
			isa = PBXTargetDependency;
			target = DB9CC8CF1BC3042500B44EE4 /* SpriteKitPong */;
			targetProxy = DB9CC8E91BC3042500B44EE4 /* PBXContainerItemProxy */;
		};
		DB9CC8F51BC3042500B44EE4 /* PBXTargetDependency */ = {
			isa = PBXTargetDependency;
			target = DB9CC8CF1BC3042500B44EE4 /* SpriteKitPong */;
			targetProxy = DB9CC8F41BC3042500B44EE4 /* PBXContainerItemProxy */;
		};
/* End PBXTargetDependency section */

/* Begin PBXVariantGroup section */
		DB9CC8DB1BC3042500B44EE4 /* Main.storyboard */ = {
			isa = PBXVariantGroup;
			children = (
				DB9CC8DC1BC3042500B44EE4 /* Base */,
			);
			name = Main.storyboard;
			sourceTree = "<group>";
		};
		DB9CC8E01BC3042500B44EE4 /* LaunchScreen.storyboard */ = {
			isa = PBXVariantGroup;
			children = (
				DB9CC8E11BC3042500B44EE4 /* Base */,
			);
			name = LaunchScreen.storyboard;
			sourceTree = "<group>";
		};
/* End PBXVariantGroup section */

/* Begin XCBuildConfiguration section */
		DB9CC8FA1BC3042500B44EE4 /* Debug */ = {
			isa = XCBuildConfiguration;
			buildSettings = {
				ALWAYS_SEARCH_USER_PATHS = NO;
				CLANG_CXX_LANGUAGE_STANDARD = "gnu++0x";
				CLANG_CXX_LIBRARY = "libc++";
				CLANG_ENABLE_MODULES = YES;
				CLANG_ENABLE_OBJC_ARC = YES;
				CLANG_WARN_BLOCK_CAPTURE_AUTORELEASING = YES;
				CLANG_WARN_BOOL_CONVERSION = YES;
				CLANG_WARN_COMMA = YES;
				CLANG_WARN_CONSTANT_CONVERSION = YES;
				CLANG_WARN_DIRECT_OBJC_ISA_USAGE = YES_ERROR;
				CLANG_WARN_EMPTY_BODY = YES;
				CLANG_WARN_ENUM_CONVERSION = YES;
				CLANG_WARN_INFINITE_RECURSION = YES;
				CLANG_WARN_INT_CONVERSION = YES;
				CLANG_WARN_NON_LITERAL_NULL_CONVERSION = YES;
				CLANG_WARN_OBJC_LITERAL_CONVERSION = YES;
				CLANG_WARN_OBJC_ROOT_CLASS = YES_ERROR;
				CLANG_WARN_RANGE_LOOP_ANALYSIS = YES;
				CLANG_WARN_STRICT_PROTOTYPES = YES;
				CLANG_WARN_SUSPICIOUS_MOVE = YES;
				CLANG_WARN_UNREACHABLE_CODE = YES;
				CLANG_WARN__DUPLICATE_METHOD_MATCH = YES;
				"CODE_SIGN_IDENTITY[sdk=iphoneos*]" = "iPhone Developer";
				COPY_PHASE_STRIP = NO;
				DEBUG_INFORMATION_FORMAT = "dwarf-with-dsym";
				ENABLE_STRICT_OBJC_MSGSEND = YES;
				ENABLE_TESTABILITY = YES;
				GCC_C_LANGUAGE_STANDARD = gnu99;
				GCC_DYNAMIC_NO_PIC = NO;
				GCC_NO_COMMON_BLOCKS = YES;
				GCC_OPTIMIZATION_LEVEL = 0;
				GCC_PREPROCESSOR_DEFINITIONS = (
					"DEBUG=1",
					"$(inherited)",
				);
				GCC_WARN_64_TO_32_BIT_CONVERSION = YES;
				GCC_WARN_ABOUT_RETURN_TYPE = YES_ERROR;
				GCC_WARN_UNDECLARED_SELECTOR = YES;
				GCC_WARN_UNINITIALIZED_AUTOS = YES_AGGRESSIVE;
				GCC_WARN_UNUSED_FUNCTION = YES;
				GCC_WARN_UNUSED_VARIABLE = YES;
				IPHONEOS_DEPLOYMENT_TARGET = 9.0;
				MTL_ENABLE_DEBUG_INFO = YES;
				ONLY_ACTIVE_ARCH = YES;
				SDKROOT = iphoneos;
				SWIFT_OPTIMIZATION_LEVEL = "-Onone";
				TARGETED_DEVICE_FAMILY = "1,2";
			};
			name = Debug;
		};
		DB9CC8FB1BC3042500B44EE4 /* Release */ = {
			isa = XCBuildConfiguration;
			buildSettings = {
				ALWAYS_SEARCH_USER_PATHS = NO;
				CLANG_CXX_LANGUAGE_STANDARD = "gnu++0x";
				CLANG_CXX_LIBRARY = "libc++";
				CLANG_ENABLE_MODULES = YES;
				CLANG_ENABLE_OBJC_ARC = YES;
				CLANG_WARN_BLOCK_CAPTURE_AUTORELEASING = YES;
				CLANG_WARN_BOOL_CONVERSION = YES;
				CLANG_WARN_COMMA = YES;
				CLANG_WARN_CONSTANT_CONVERSION = YES;
				CLANG_WARN_DIRECT_OBJC_ISA_USAGE = YES_ERROR;
				CLANG_WARN_EMPTY_BODY = YES;
				CLANG_WARN_ENUM_CONVERSION = YES;
				CLANG_WARN_INFINITE_RECURSION = YES;
				CLANG_WARN_INT_CONVERSION = YES;
				CLANG_WARN_NON_LITERAL_NULL_CONVERSION = YES;
				CLANG_WARN_OBJC_LITERAL_CONVERSION = YES;
				CLANG_WARN_OBJC_ROOT_CLASS = YES_ERROR;
				CLANG_WARN_RANGE_LOOP_ANALYSIS = YES;
				CLANG_WARN_STRICT_PROTOTYPES = YES;
				CLANG_WARN_SUSPICIOUS_MOVE = YES;
				CLANG_WARN_UNREACHABLE_CODE = YES;
				CLANG_WARN__DUPLICATE_METHOD_MATCH = YES;
				"CODE_SIGN_IDENTITY[sdk=iphoneos*]" = "iPhone Developer";
				COPY_PHASE_STRIP = NO;
				DEBUG_INFORMATION_FORMAT = "dwarf-with-dsym";
				ENABLE_NS_ASSERTIONS = NO;
				ENABLE_STRICT_OBJC_MSGSEND = YES;
				GCC_C_LANGUAGE_STANDARD = gnu99;
				GCC_NO_COMMON_BLOCKS = YES;
				GCC_WARN_64_TO_32_BIT_CONVERSION = YES;
				GCC_WARN_ABOUT_RETURN_TYPE = YES_ERROR;
				GCC_WARN_UNDECLARED_SELECTOR = YES;
				GCC_WARN_UNINITIALIZED_AUTOS = YES_AGGRESSIVE;
				GCC_WARN_UNUSED_FUNCTION = YES;
				GCC_WARN_UNUSED_VARIABLE = YES;
				IPHONEOS_DEPLOYMENT_TARGET = 9.0;
				MTL_ENABLE_DEBUG_INFO = NO;
				SDKROOT = iphoneos;
				SWIFT_OPTIMIZATION_LEVEL = "-Owholemodule";
				TARGETED_DEVICE_FAMILY = "1,2";
				VALIDATE_PRODUCT = YES;
			};
			name = Release;
		};
		DB9CC8FD1BC3042500B44EE4 /* Debug */ = {
			isa = XCBuildConfiguration;
			buildSettings = {
				ASSETCATALOG_COMPILER_APPICON_NAME = AppIcon;
				DEVELOPMENT_TEAM = "";
				INFOPLIST_FILE = SpriteKitPong/Info.plist;
				LD_RUNPATH_SEARCH_PATHS = "$(inherited) @executable_path/Frameworks";
				PRODUCT_BUNDLE_IDENTIFIER = br.ufpe.cin.fmssn.SpriteKitPong;
				PRODUCT_NAME = "$(TARGET_NAME)";
				SWIFT_VERSION = 4.0;
			};
			name = Debug;
		};
		DB9CC8FE1BC3042500B44EE4 /* Release */ = {
			isa = XCBuildConfiguration;
			buildSettings = {
				ASSETCATALOG_COMPILER_APPICON_NAME = AppIcon;
				DEVELOPMENT_TEAM = "";
				INFOPLIST_FILE = SpriteKitPong/Info.plist;
				LD_RUNPATH_SEARCH_PATHS = "$(inherited) @executable_path/Frameworks";
				PRODUCT_BUNDLE_IDENTIFIER = br.ufpe.cin.fmssn.SpriteKitPong;
				PRODUCT_NAME = "$(TARGET_NAME)";
				SWIFT_VERSION = 4.0;
			};
			name = Release;
		};
		DB9CC9001BC3042500B44EE4 /* Debug */ = {
			isa = XCBuildConfiguration;
			buildSettings = {
				BUNDLE_LOADER = "$(TEST_HOST)";
				DEBUG_INFORMATION_FORMAT = dwarf;
				INFOPLIST_FILE = SpriteKitPongTests/Info.plist;
				LD_RUNPATH_SEARCH_PATHS = "$(inherited) @executable_path/Frameworks @loader_path/Frameworks";
				PRODUCT_BUNDLE_IDENTIFIER = br.ufpe.cin.fmssn.SpriteKitPongTests;
				PRODUCT_NAME = "$(TARGET_NAME)";
				TEST_HOST = "$(BUILT_PRODUCTS_DIR)/SpriteKitPong.app/SpriteKitPong";
			};
			name = Debug;
		};
		DB9CC9011BC3042500B44EE4 /* Release */ = {
			isa = XCBuildConfiguration;
			buildSettings = {
				BUNDLE_LOADER = "$(TEST_HOST)";
				INFOPLIST_FILE = SpriteKitPongTests/Info.plist;
				LD_RUNPATH_SEARCH_PATHS = "$(inherited) @executable_path/Frameworks @loader_path/Frameworks";
				PRODUCT_BUNDLE_IDENTIFIER = br.ufpe.cin.fmssn.SpriteKitPongTests;
				PRODUCT_NAME = "$(TARGET_NAME)";
				TEST_HOST = "$(BUILT_PRODUCTS_DIR)/SpriteKitPong.app/SpriteKitPong";
			};
			name = Release;
		};
		DB9CC9031BC3042500B44EE4 /* Debug */ = {
			isa = XCBuildConfiguration;
			buildSettings = {
				DEBUG_INFORMATION_FORMAT = dwarf;
				INFOPLIST_FILE = SpriteKitPongUITests/Info.plist;
				LD_RUNPATH_SEARCH_PATHS = "$(inherited) @executable_path/Frameworks @loader_path/Frameworks";
				PRODUCT_BUNDLE_IDENTIFIER = br.ufpe.cin.fmssn.SpriteKitPongUITests;
				PRODUCT_NAME = "$(TARGET_NAME)";
				TEST_TARGET_NAME = SpriteKitPong;
				USES_XCTRUNNER = YES;
			};
			name = Debug;
		};
		DB9CC9041BC3042500B44EE4 /* Release */ = {
			isa = XCBuildConfiguration;
			buildSettings = {
				INFOPLIST_FILE = SpriteKitPongUITests/Info.plist;
				LD_RUNPATH_SEARCH_PATHS = "$(inherited) @executable_path/Frameworks @loader_path/Frameworks";
				PRODUCT_BUNDLE_IDENTIFIER = br.ufpe.cin.fmssn.SpriteKitPongUITests;
				PRODUCT_NAME = "$(TARGET_NAME)";
				TEST_TARGET_NAME = SpriteKitPong;
				USES_XCTRUNNER = YES;
			};
			name = Release;
		};
/* End XCBuildConfiguration section */

/* Begin XCConfigurationList section */
		DB9CC8CB1BC3042500B44EE4 /* Build configuration list for PBXProject "SpriteKitPong" */ = {
			isa = XCConfigurationList;
			buildConfigurations = (
				DB9CC8FA1BC3042500B44EE4 /* Debug */,
				DB9CC8FB1BC3042500B44EE4 /* Release */,
			);
			defaultConfigurationIsVisible = 0;
			defaultConfigurationName = Release;
		};
		DB9CC8FC1BC3042500B44EE4 /* Build configuration list for PBXNativeTarget "SpriteKitPong" */ = {
			isa = XCConfigurationList;
			buildConfigurations = (
				DB9CC8FD1BC3042500B44EE4 /* Debug */,
				DB9CC8FE1BC3042500B44EE4 /* Release */,
			);
			defaultConfigurationIsVisible = 0;
			defaultConfigurationName = Release;
		};
		DB9CC8FF1BC3042500B44EE4 /* Build configuration list for PBXNativeTarget "SpriteKitPongTests" */ = {
			isa = XCConfigurationList;
			buildConfigurations = (
				DB9CC9001BC3042500B44EE4 /* Debug */,
				DB9CC9011BC3042500B44EE4 /* Release */,
			);
			defaultConfigurationIsVisible = 0;
			defaultConfigurationName = Release;
		};
		DB9CC9021BC3042500B44EE4 /* Build configuration list for PBXNativeTarget "SpriteKitPongUITests" */ = {
			isa = XCConfigurationList;
			buildConfigurations = (
				DB9CC9031BC3042500B44EE4 /* Debug */,
				DB9CC9041BC3042500B44EE4 /* Release */,
			);
			defaultConfigurationIsVisible = 0;
			defaultConfigurationName = Release;
		};
/* End XCConfigurationList section */
	};
	rootObject = DB9CC8C81BC3042500B44EE4 /* Project object */;
}
